// !$*UTF8*$!
{
	archiveVersion = 1;
	classes = {
	};
	objectVersion = 56;
	objects = {

/* Begin PBXBuildFile section */
		913E3B9229F41B85002AE127 /* CupDesignSystem in Resources */ = {isa = PBXBuildFile; fileRef = 913E3B9129F41AA8002AE127 /* CupDesignSystem */; };
		9192C08729F41DA400768236 /* CupDesignSystem in Frameworks */ = {isa = PBXBuildFile; productRef = 9192C08629F41DA400768236 /* CupDesignSystem */; };
		91B8356329F418220040AC15 /* AppDelegate.swift in Sources */ = {isa = PBXBuildFile; fileRef = 91B8356229F418220040AC15 /* AppDelegate.swift */; };
		91B8356529F418220040AC15 /* SceneDelegate.swift in Sources */ = {isa = PBXBuildFile; fileRef = 91B8356429F418220040AC15 /* SceneDelegate.swift */; };
		91B8356729F418220040AC15 /* ViewController.swift in Sources */ = {isa = PBXBuildFile; fileRef = 91B8356629F418220040AC15 /* ViewController.swift */; };
		91B8356A29F418220040AC15 /* Main.storyboard in Resources */ = {isa = PBXBuildFile; fileRef = 91B8356829F418220040AC15 /* Main.storyboard */; };
		91B8356C29F418220040AC15 /* Assets.xcassets in Resources */ = {isa = PBXBuildFile; fileRef = 91B8356B29F418220040AC15 /* Assets.xcassets */; };
		91B8356F29F418220040AC15 /* LaunchScreen.storyboard in Resources */ = {isa = PBXBuildFile; fileRef = 91B8356D29F418220040AC15 /* LaunchScreen.storyboard */; };
/* End PBXBuildFile section */

/* Begin PBXFileReference section */
		913E3B9129F41AA8002AE127 /* CupDesignSystem */ = {isa = PBXFileReference; lastKnownFileType = wrapper; name = CupDesignSystem; path = ..; sourceTree = "<group>"; };
		91B8355F29F418220040AC15 /* CupDesignDemo.app */ = {isa = PBXFileReference; explicitFileType = wrapper.application; includeInIndex = 0; path = CupDesignDemo.app; sourceTree = BUILT_PRODUCTS_DIR; };
		91B8356229F418220040AC15 /* AppDelegate.swift */ = {isa = PBXFileReference; lastKnownFileType = sourcecode.swift; path = AppDelegate.swift; sourceTree = "<group>"; };
		91B8356429F418220040AC15 /* SceneDelegate.swift */ = {isa = PBXFileReference; lastKnownFileType = sourcecode.swift; path = SceneDelegate.swift; sourceTree = "<group>"; };
		91B8356629F418220040AC15 /* ViewController.swift */ = {isa = PBXFileReference; lastKnownFileType = sourcecode.swift; path = ViewController.swift; sourceTree = "<group>"; };
		91B8356929F418220040AC15 /* Base */ = {isa = PBXFileReference; lastKnownFileType = file.storyboard; name = Base; path = Base.lproj/Main.storyboard; sourceTree = "<group>"; };
		91B8356B29F418220040AC15 /* Assets.xcassets */ = {isa = PBXFileReference; lastKnownFileType = folder.assetcatalog; path = Assets.xcassets; sourceTree = "<group>"; };
		91B8356E29F418220040AC15 /* Base */ = {isa = PBXFileReference; lastKnownFileType = file.storyboard; name = Base; path = Base.lproj/LaunchScreen.storyboard; sourceTree = "<group>"; };
		91B8357029F418220040AC15 /* Info.plist */ = {isa = PBXFileReference; lastKnownFileType = text.plist.xml; path = Info.plist; sourceTree = "<group>"; };
/* End PBXFileReference section */

/* Begin PBXFrameworksBuildPhase section */
		91B8355C29F418220040AC15 /* Frameworks */ = {
			isa = PBXFrameworksBuildPhase;
			buildActionMask = 2147483647;
			files = (
				9192C08729F41DA400768236 /* CupDesignSystem in Frameworks */,
			);
			runOnlyForDeploymentPostprocessing = 0;
		};
/* End PBXFrameworksBuildPhase section */

/* Begin PBXGroup section */
		91B8355629F418220040AC15 = {
			isa = PBXGroup;
			children = (
				91B8357629F418810040AC15 /* Packages */,
				91B8356129F418220040AC15 /* CupDesignDemo */,
				91B8356029F418220040AC15 /* Products */,
				91B8357829F418FC0040AC15 /* Frameworks */,
			);
			sourceTree = "<group>";
		};
		91B8356029F418220040AC15 /* Products */ = {
			isa = PBXGroup;
			children = (
				91B8355F29F418220040AC15 /* CupDesignDemo.app */,
			);
			name = Products;
			sourceTree = "<group>";
		};
		91B8356129F418220040AC15 /* CupDesignDemo */ = {
			isa = PBXGroup;
			children = (
				91B8356229F418220040AC15 /* AppDelegate.swift */,
				91B8356429F418220040AC15 /* SceneDelegate.swift */,
				91B8356629F418220040AC15 /* ViewController.swift */,
				91B8356829F418220040AC15 /* Main.storyboard */,
				91B8356B29F418220040AC15 /* Assets.xcassets */,
				91B8356D29F418220040AC15 /* LaunchScreen.storyboard */,
				91B8357029F418220040AC15 /* Info.plist */,
			);
			path = CupDesignDemo;
			sourceTree = "<group>";
		};
		91B8357629F418810040AC15 /* Packages */ = {
			isa = PBXGroup;
			children = (
				913E3B9129F41AA8002AE127 /* CupDesignSystem */,
			);
			name = Packages;
			sourceTree = "<group>";
		};
		91B8357829F418FC0040AC15 /* Frameworks */ = {
			isa = PBXGroup;
			children = (
			);
			name = Frameworks;
			sourceTree = "<group>";
		};
/* End PBXGroup section */

/* Begin PBXNativeTarget section */
		91B8355E29F418220040AC15 /* CupDesignDemo */ = {
			isa = PBXNativeTarget;
			buildConfigurationList = 91B8357329F418220040AC15 /* Build configuration list for PBXNativeTarget "CupDesignDemo" */;
			buildPhases = (
				91B8355B29F418220040AC15 /* Sources */,
				91B8355C29F418220040AC15 /* Frameworks */,
				91B8355D29F418220040AC15 /* Resources */,
			);
			buildRules = (
			);
			dependencies = (
			);
			name = CupDesignDemo;
			packageProductDependencies = (
				9192C08629F41DA400768236 /* CupDesignSystem */,
			);
			productName = CupDesignDemo;
			productReference = 91B8355F29F418220040AC15 /* CupDesignDemo.app */;
			productType = "com.apple.product-type.application";
		};
/* End PBXNativeTarget section */

/* Begin PBXProject section */
		91B8355729F418220040AC15 /* Project object */ = {
			isa = PBXProject;
			attributes = {
				BuildIndependentTargetsInParallel = 1;
				LastSwiftUpdateCheck = 1410;
				LastUpgradeCheck = 1410;
				TargetAttributes = {
					91B8355E29F418220040AC15 = {
						CreatedOnToolsVersion = 14.1;
					};
				};
			};
			buildConfigurationList = 91B8355A29F418220040AC15 /* Build configuration list for PBXProject "CupDesignDemo" */;
			compatibilityVersion = "Xcode 14.0";
			developmentRegion = en;
			hasScannedForEncodings = 0;
			knownRegions = (
				en,
				Base,
			);
			mainGroup = 91B8355629F418220040AC15;
			productRefGroup = 91B8356029F418220040AC15 /* Products */;
			projectDirPath = "";
			projectRoot = "";
			targets = (
				91B8355E29F418220040AC15 /* CupDesignDemo */,
			);
		};
/* End PBXProject section */

/* Begin PBXResourcesBuildPhase section */
		91B8355D29F418220040AC15 /* Resources */ = {
			isa = PBXResourcesBuildPhase;
			buildActionMask = 2147483647;
			files = (
				91B8356F29F418220040AC15 /* LaunchScreen.storyboard in Resources */,
				91B8356C29F418220040AC15 /* Assets.xcassets in Resources */,
				913E3B9229F41B85002AE127 /* CupDesignSystem in Resources */,
				91B8356A29F418220040AC15 /* Main.storyboard in Resources */,
			);
			runOnlyForDeploymentPostprocessing = 0;
		};
/* End PBXResourcesBuildPhase section */

/* Begin PBXSourcesBuildPhase section */
		91B8355B29F418220040AC15 /* Sources */ = {
			isa = PBXSourcesBuildPhase;
			buildActionMask = 2147483647;
			files = (
				91B8356729F418220040AC15 /* ViewController.swift in Sources */,
				91B8356329F418220040AC15 /* AppDelegate.swift in Sources */,
				91B8356529F418220040AC15 /* SceneDelegate.swift in Sources */,
			);
			runOnlyForDeploymentPostprocessing = 0;
		};
/* End PBXSourcesBuildPhase section */

/* Begin PBXVariantGroup section */
		91B8356829F418220040AC15 /* Main.storyboard */ = {
			isa = PBXVariantGroup;
			children = (
				91B8356929F418220040AC15 /* Base */,
			);
			name = Main.storyboard;
			sourceTree = "<group>";
		};
		91B8356D29F418220040AC15 /* LaunchScreen.storyboard */ = {
			isa = PBXVariantGroup;
			children = (
				91B8356E29F418220040AC15 /* Base */,
			);
			name = LaunchScreen.storyboard;
			sourceTree = "<group>";
		};
/* End PBXVariantGroup section */

/* Begin XCBuildConfiguration section */
		91B8357129F418220040AC15 /* Debug */ = {
			isa = XCBuildConfiguration;
			buildSettings = {
				ALWAYS_SEARCH_USER_PATHS = NO;
				CLANG_ANALYZER_NONNULL = YES;
				CLANG_ANALYZER_NUMBER_OBJECT_CONVERSION = YES_AGGRESSIVE;
				CLANG_CXX_LANGUAGE_STANDARD = "gnu++20";
				CLANG_ENABLE_MODULES = YES;
				CLANG_ENABLE_OBJC_ARC = YES;
				CLANG_ENABLE_OBJC_WEAK = YES;
				CLANG_WARN_BLOCK_CAPTURE_AUTORELEASING = YES;
				CLANG_WARN_BOOL_CONVERSION = YES;
				CLANG_WARN_COMMA = YES;
				CLANG_WARN_CONSTANT_CONVERSION = YES;
				CLANG_WARN_DEPRECATED_OBJC_IMPLEMENTATIONS = YES;
				CLANG_WARN_DIRECT_OBJC_ISA_USAGE = YES_ERROR;
				CLANG_WARN_DOCUMENTATION_COMMENTS = YES;
				CLANG_WARN_EMPTY_BODY = YES;
				CLANG_WARN_ENUM_CONVERSION = YES;
				CLANG_WARN_INFINITE_RECURSION = YES;
				CLANG_WARN_INT_CONVERSION = YES;
				CLANG_WARN_NON_LITERAL_NULL_CONVERSION = YES;
				CLANG_WARN_OBJC_IMPLICIT_RETAIN_SELF = YES;
				CLANG_WARN_OBJC_LITERAL_CONVERSION = YES;
				CLANG_WARN_OBJC_ROOT_CLASS = YES_ERROR;
				CLANG_WARN_QUOTED_INCLUDE_IN_FRAMEWORK_HEADER = YES;
				CLANG_WARN_RANGE_LOOP_ANALYSIS = YES;
				CLANG_WARN_STRICT_PROTOTYPES = YES;
				CLANG_WARN_SUSPICIOUS_MOVE = YES;
				CLANG_WARN_UNGUARDED_AVAILABILITY = YES_AGGRESSIVE;
				CLANG_WARN_UNREACHABLE_CODE = YES;
				CLANG_WARN__DUPLICATE_METHOD_MATCH = YES;
				COPY_PHASE_STRIP = NO;
				DEBUG_INFORMATION_FORMAT = dwarf;
				ENABLE_STRICT_OBJC_MSGSEND = YES;
				ENABLE_TESTABILITY = YES;
				GCC_C_LANGUAGE_STANDARD = gnu11;
				GCC_DYNAMIC_NO_PIC = NO;
				GCC_NO_COMMON_BLOCKS = YES;
				GCC_OPTIMIZATION_LEVEL = 0;
				GCC_PREPROCESSOR_DEFINITIONS = (
					"DEBUG=1",
					"$(inherited)",
				);
				GCC_WARN_64_TO_32_BIT_CONVERSION = YES;
				GCC_WARN_ABOUT_RETURN_TYPE = YES_ERROR;
				GCC_WARN_UNDECLARED_SELECTOR = YES;
				GCC_WARN_UNINITIALIZED_AUTOS = YES_AGGRESSIVE;
				GCC_WARN_UNUSED_FUNCTION = YES;
				GCC_WARN_UNUSED_VARIABLE = YES;
				IPHONEOS_DEPLOYMENT_TARGET = 16.1;
				MTL_ENABLE_DEBUG_INFO = INCLUDE_SOURCE;
				MTL_FAST_MATH = YES;
				ONLY_ACTIVE_ARCH = YES;
				SDKROOT = iphoneos;
				SWIFT_ACTIVE_COMPILATION_CONDITIONS = DEBUG;
				SWIFT_OPTIMIZATION_LEVEL = "-Onone";
			};
			name = Debug;
		};
		91B8357229F418220040AC15 /* Release */ = {
			isa = XCBuildConfiguration;
			buildSettings = {
				ALWAYS_SEARCH_USER_PATHS = NO;
				CLANG_ANALYZER_NONNULL = YES;
				CLANG_ANALYZER_NUMBER_OBJECT_CONVERSION = YES_AGGRESSIVE;
				CLANG_CXX_LANGUAGE_STANDARD = "gnu++20";
				CLANG_ENABLE_MODULES = YES;
				CLANG_ENABLE_OBJC_ARC = YES;
				CLANG_ENABLE_OBJC_WEAK = YES;
				CLANG_WARN_BLOCK_CAPTURE_AUTORELEASING = YES;
				CLANG_WARN_BOOL_CONVERSION = YES;
				CLANG_WARN_COMMA = YES;
				CLANG_WARN_CONSTANT_CONVERSION = YES;
				CLANG_WARN_DEPRECATED_OBJC_IMPLEMENTATIONS = YES;
				CLANG_WARN_DIRECT_OBJC_ISA_USAGE = YES_ERROR;
				CLANG_WARN_DOCUMENTATION_COMMENTS = YES;
				CLANG_WARN_EMPTY_BODY = YES;
				CLANG_WARN_ENUM_CONVERSION = YES;
				CLANG_WARN_INFINITE_RECURSION = YES;
				CLANG_WARN_INT_CONVERSION = YES;
				CLANG_WARN_NON_LITERAL_NULL_CONVERSION = YES;
				CLANG_WARN_OBJC_IMPLICIT_RETAIN_SELF = YES;
				CLANG_WARN_OBJC_LITERAL_CONVERSION = YES;
				CLANG_WARN_OBJC_ROOT_CLASS = YES_ERROR;
				CLANG_WARN_QUOTED_INCLUDE_IN_FRAMEWORK_HEADER = YES;
				CLANG_WARN_RANGE_LOOP_ANALYSIS = YES;
				CLANG_WARN_STRICT_PROTOTYPES = YES;
				CLANG_WARN_SUSPICIOUS_MOVE = YES;
				CLANG_WARN_UNGUARDED_AVAILABILITY = YES_AGGRESSIVE;
				CLANG_WARN_UNREACHABLE_CODE = YES;
				CLANG_WARN__DUPLICATE_METHOD_MATCH = YES;
				COPY_PHASE_STRIP = NO;
				DEBUG_INFORMATION_FORMAT = "dwarf-with-dsym";
				ENABLE_NS_ASSERTIONS = NO;
				ENABLE_STRICT_OBJC_MSGSEND = YES;
				GCC_C_LANGUAGE_STANDARD = gnu11;
				GCC_NO_COMMON_BLOCKS = YES;
				GCC_WARN_64_TO_32_BIT_CONVERSION = YES;
				GCC_WARN_ABOUT_RETURN_TYPE = YES_ERROR;
				GCC_WARN_UNDECLARED_SELECTOR = YES;
				GCC_WARN_UNINITIALIZED_AUTOS = YES_AGGRESSIVE;
				GCC_WARN_UNUSED_FUNCTION = YES;
				GCC_WARN_UNUSED_VARIABLE = YES;
				IPHONEOS_DEPLOYMENT_TARGET = 16.1;
				MTL_ENABLE_DEBUG_INFO = NO;
				MTL_FAST_MATH = YES;
				SDKROOT = iphoneos;
				SWIFT_COMPILATION_MODE = wholemodule;
				SWIFT_OPTIMIZATION_LEVEL = "-O";
				VALIDATE_PRODUCT = YES;
			};
			name = Release;
		};
		91B8357429F418220040AC15 /* Debug */ = {
			isa = XCBuildConfiguration;
			buildSettings = {
				ASSETCATALOG_COMPILER_APPICON_NAME = AppIcon;
				ASSETCATALOG_COMPILER_GLOBAL_ACCENT_COLOR_NAME = AccentColor;
				CODE_SIGN_STYLE = Automatic;
				CURRENT_PROJECT_VERSION = 1;
				DEVELOPMENT_TEAM = ZA78DG2RU5;
				GENERATE_INFOPLIST_FILE = YES;
				INFOPLIST_FILE = CupDesignDemo/Info.plist;
				INFOPLIST_KEY_UIApplicationSupportsIndirectInputEvents = YES;
				INFOPLIST_KEY_UILaunchStoryboardName = LaunchScreen;
				INFOPLIST_KEY_UIMainStoryboardFile = Main;
				INFOPLIST_KEY_UISupportedInterfaceOrientations_iPad = "UIInterfaceOrientationPortrait UIInterfaceOrientationPortraitUpsideDown UIInterfaceOrientationLandscapeLeft UIInterfaceOrientationLandscapeRight";
				INFOPLIST_KEY_UISupportedInterfaceOrientations_iPhone = "UIInterfaceOrientationPortrait UIInterfaceOrientationLandscapeLeft UIInterfaceOrientationLandscapeRight";
				LD_RUNPATH_SEARCH_PATHS = (
					"$(inherited)",
					"@executable_path/Frameworks",
				);
				MARKETING_VERSION = 1.0;
				PRODUCT_BUNDLE_IDENTIFIER = com.gmail.vpetushkova.CupDesignDemo;
				PRODUCT_NAME = "$(TARGET_NAME)";
				SWIFT_EMIT_LOC_STRINGS = YES;
				SWIFT_VERSION = 5.0;
				TARGETED_DEVICE_FAMILY = "1,2";
			};
			name = Debug;
		};
		91B8357529F418220040AC15 /* Release */ = {
			isa = XCBuildConfiguration;
			buildSettings = {
				ASSETCATALOG_COMPILER_APPICON_NAME = AppIcon;
				ASSETCATALOG_COMPILER_GLOBAL_ACCENT_COLOR_NAME = AccentColor;
				CODE_SIGN_STYLE = Automatic;
				CURRENT_PROJECT_VERSION = 1;
				DEVELOPMENT_TEAM = ZA78DG2RU5;
				GENERATE_INFOPLIST_FILE = YES;
				INFOPLIST_FILE = CupDesignDemo/Info.plist;
				INFOPLIST_KEY_UIApplicationSupportsIndirectInputEvents = YES;
				INFOPLIST_KEY_UILaunchStoryboardName = LaunchScreen;
				INFOPLIST_KEY_UIMainStoryboardFile = Main;
				INFOPLIST_KEY_UISupportedInterfaceOrientations_iPad = "UIInterfaceOrientationPortrait UIInterfaceOrientationPortraitUpsideDown UIInterfaceOrientationLandscapeLeft UIInterfaceOrientationLandscapeRight";
				INFOPLIST_KEY_UISupportedInterfaceOrientations_iPhone = "UIInterfaceOrientationPortrait UIInterfaceOrientationLandscapeLeft UIInterfaceOrientationLandscapeRight";
				LD_RUNPATH_SEARCH_PATHS = (
					"$(inherited)",
					"@executable_path/Frameworks",
				);
				MARKETING_VERSION = 1.0;
				PRODUCT_BUNDLE_IDENTIFIER = com.gmail.vpetushkova.CupDesignDemo;
				PRODUCT_NAME = "$(TARGET_NAME)";
				SWIFT_EMIT_LOC_STRINGS = YES;
				SWIFT_VERSION = 5.0;
				TARGETED_DEVICE_FAMILY = "1,2";
			};
			name = Release;
		};
/* End XCBuildConfiguration section */

/* Begin XCConfigurationList section */
		91B8355A29F418220040AC15 /* Build configuration list for PBXProject "CupDesignDemo" */ = {
			isa = XCConfigurationList;
			buildConfigurations = (
				91B8357129F418220040AC15 /* Debug */,
				91B8357229F418220040AC15 /* Release */,
			);
			defaultConfigurationIsVisible = 0;
			defaultConfigurationName = Release;
		};
		91B8357329F418220040AC15 /* Build configuration list for PBXNativeTarget "CupDesignDemo" */ = {
			isa = XCConfigurationList;
			buildConfigurations = (
				91B8357429F418220040AC15 /* Debug */,
				91B8357529F418220040AC15 /* Release */,
			);
			defaultConfigurationIsVisible = 0;
			defaultConfigurationName = Release;
		};
/* End XCConfigurationList section */

/* Begin XCSwiftPackageProductDependency section */
		9192C08629F41DA400768236 /* CupDesignSystem */ = {
			isa = XCSwiftPackageProductDependency;
			productName = CupDesignSystem;
		};
/* End XCSwiftPackageProductDependency section */
	};
	rootObject = 91B8355729F418220040AC15 /* Project object */;
}
